// !$*UTF8*$!
{
	archiveVersion = 1;
	classes = {
	};
	objectVersion = 46;
	objects = {

/* Begin PBXBuildFile section */
		41A06E3A18509A2900D56342 /* Foundation.framework in Frameworks */ = {isa = PBXBuildFile; fileRef = 41A06E3918509A2900D56342 /* Foundation.framework */; };
		41A06E3C18509A2900D56342 /* CoreGraphics.framework in Frameworks */ = {isa = PBXBuildFile; fileRef = 41A06E3B18509A2900D56342 /* CoreGraphics.framework */; };
		41A06E3E18509A2900D56342 /* UIKit.framework in Frameworks */ = {isa = PBXBuildFile; fileRef = 41A06E3D18509A2900D56342 /* UIKit.framework */; };
		41A06E4418509A2900D56342 /* InfoPlist.strings in Resources */ = {isa = PBXBuildFile; fileRef = 41A06E4218509A2900D56342 /* InfoPlist.strings */; };
		41A06E4618509A2900D56342 /* main.m in Sources */ = {isa = PBXBuildFile; fileRef = 41A06E4518509A2900D56342 /* main.m */; };
		41A06E4A18509A2900D56342 /* PWCAppDelegate.m in Sources */ = {isa = PBXBuildFile; fileRef = 41A06E4918509A2900D56342 /* PWCAppDelegate.m */; };
		41A06E4D18509A2900D56342 /* Main.storyboard in Resources */ = {isa = PBXBuildFile; fileRef = 41A06E4B18509A2900D56342 /* Main.storyboard */; };
		41A06E5018509A2900D56342 /* PWCViewController.m in Sources */ = {isa = PBXBuildFile; fileRef = 41A06E4F18509A2900D56342 /* PWCViewController.m */; };
		41A06E5218509A2900D56342 /* Images.xcassets in Resources */ = {isa = PBXBuildFile; fileRef = 41A06E5118509A2900D56342 /* Images.xcassets */; };
		41A06E5918509A2900D56342 /* XCTest.framework in Frameworks */ = {isa = PBXBuildFile; fileRef = 41A06E5818509A2900D56342 /* XCTest.framework */; };
		41A06E5A18509A2900D56342 /* Foundation.framework in Frameworks */ = {isa = PBXBuildFile; fileRef = 41A06E3918509A2900D56342 /* Foundation.framework */; };
		41A06E5B18509A2900D56342 /* UIKit.framework in Frameworks */ = {isa = PBXBuildFile; fileRef = 41A06E3D18509A2900D56342 /* UIKit.framework */; };
		41A06E6318509A2900D56342 /* InfoPlist.strings in Resources */ = {isa = PBXBuildFile; fileRef = 41A06E6118509A2900D56342 /* InfoPlist.strings */; };
		41A06E6518509A2900D56342 /* BeaconRegionTests.m in Sources */ = {isa = PBXBuildFile; fileRef = 41A06E6418509A2900D56342 /* BeaconRegionTests.m */; };
/* End PBXBuildFile section */

/* Begin PBXContainerItemProxy section */
		41A06E5C18509A2900D56342 /* PBXContainerItemProxy */ = {
			isa = PBXContainerItemProxy;
			containerPortal = 41A06E2E18509A2900D56342 /* Project object */;
			proxyType = 1;
			remoteGlobalIDString = 41A06E3518509A2900D56342;
			remoteInfo = BeaconRegion;
		};
/* End PBXContainerItemProxy section */

/* Begin PBXFileReference section */
		41A06E3618509A2900D56342 /* BeaconRegion.app */ = {isa = PBXFileReference; explicitFileType = wrapper.application; includeInIndex = 0; path = BeaconRegion.app; sourceTree = BUILT_PRODUCTS_DIR; };
		41A06E3918509A2900D56342 /* Foundation.framework */ = {isa = PBXFileReference; lastKnownFileType = wrapper.framework; name = Foundation.framework; path = System/Library/Frameworks/Foundation.framework; sourceTree = SDKROOT; };
		41A06E3B18509A2900D56342 /* CoreGraphics.framework */ = {isa = PBXFileReference; lastKnownFileType = wrapper.framework; name = CoreGraphics.framework; path = System/Library/Frameworks/CoreGraphics.framework; sourceTree = SDKROOT; };
		41A06E3D18509A2900D56342 /* UIKit.framework */ = {isa = PBXFileReference; lastKnownFileType = wrapper.framework; name = UIKit.framework; path = System/Library/Frameworks/UIKit.framework; sourceTree = SDKROOT; };
		41A06E4118509A2900D56342 /* BeaconRegion-Info.plist */ = {isa = PBXFileReference; lastKnownFileType = text.plist.xml; path = "BeaconRegion-Info.plist"; sourceTree = "<group>"; };
		41A06E4318509A2900D56342 /* en */ = {isa = PBXFileReference; lastKnownFileType = text.plist.strings; name = en; path = en.lproj/InfoPlist.strings; sourceTree = "<group>"; };
		41A06E4518509A2900D56342 /* main.m */ = {isa = PBXFileReference; lastKnownFileType = sourcecode.c.objc; path = main.m; sourceTree = "<group>"; };
		41A06E4718509A2900D56342 /* BeaconRegion-Prefix.pch */ = {isa = PBXFileReference; lastKnownFileType = sourcecode.c.h; path = "BeaconRegion-Prefix.pch"; sourceTree = "<group>"; };
		41A06E4818509A2900D56342 /* PWCAppDelegate.h */ = {isa = PBXFileReference; lastKnownFileType = sourcecode.c.h; path = PWCAppDelegate.h; sourceTree = "<group>"; };
		41A06E4918509A2900D56342 /* PWCAppDelegate.m */ = {isa = PBXFileReference; lastKnownFileType = sourcecode.c.objc; path = PWCAppDelegate.m; sourceTree = "<group>"; };
		41A06E4C18509A2900D56342 /* Base */ = {isa = PBXFileReference; lastKnownFileType = file.storyboard; name = Base; path = Base.lproj/Main.storyboard; sourceTree = "<group>"; };
		41A06E4E18509A2900D56342 /* PWCViewController.h */ = {isa = PBXFileReference; lastKnownFileType = sourcecode.c.h; path = PWCViewController.h; sourceTree = "<group>"; };
		41A06E4F18509A2900D56342 /* PWCViewController.m */ = {isa = PBXFileReference; lastKnownFileType = sourcecode.c.objc; path = PWCViewController.m; sourceTree = "<group>"; };
		41A06E5118509A2900D56342 /* Images.xcassets */ = {isa = PBXFileReference; lastKnownFileType = folder.assetcatalog; path = Images.xcassets; sourceTree = "<group>"; };
		41A06E5718509A2900D56342 /* BeaconRegionTests.xctest */ = {isa = PBXFileReference; explicitFileType = wrapper.cfbundle; includeInIndex = 0; path = BeaconRegionTests.xctest; sourceTree = BUILT_PRODUCTS_DIR; };
		41A06E5818509A2900D56342 /* XCTest.framework */ = {isa = PBXFileReference; lastKnownFileType = wrapper.framework; name = XCTest.framework; path = Library/Frameworks/XCTest.framework; sourceTree = DEVELOPER_DIR; };
		41A06E6018509A2900D56342 /* BeaconRegionTests-Info.plist */ = {isa = PBXFileReference; lastKnownFileType = text.plist.xml; path = "BeaconRegionTests-Info.plist"; sourceTree = "<group>"; };
		41A06E6218509A2900D56342 /* en */ = {isa = PBXFileReference; lastKnownFileType = text.plist.strings; name = en; path = en.lproj/InfoPlist.strings; sourceTree = "<group>"; };
		41A06E6418509A2900D56342 /* BeaconRegionTests.m */ = {isa = PBXFileReference; lastKnownFileType = sourcecode.c.objc; path = BeaconRegionTests.m; sourceTree = "<group>"; };
/* End PBXFileReference section */

/* Begin PBXFrameworksBuildPhase section */
		41A06E3318509A2900D56342 /* Frameworks */ = {
			isa = PBXFrameworksBuildPhase;
			buildActionMask = 2147483647;
			files = (
				41A06E3C18509A2900D56342 /* CoreGraphics.framework in Frameworks */,
				41A06E3E18509A2900D56342 /* UIKit.framework in Frameworks */,
				41A06E3A18509A2900D56342 /* Foundation.framework in Frameworks */,
			);
			runOnlyForDeploymentPostprocessing = 0;
		};
		41A06E5418509A2900D56342 /* Frameworks */ = {
			isa = PBXFrameworksBuildPhase;
			buildActionMask = 2147483647;
			files = (
				41A06E5918509A2900D56342 /* XCTest.framework in Frameworks */,
				41A06E5B18509A2900D56342 /* UIKit.framework in Frameworks */,
				41A06E5A18509A2900D56342 /* Foundation.framework in Frameworks */,
			);
			runOnlyForDeploymentPostprocessing = 0;
		};
/* End PBXFrameworksBuildPhase section */

/* Begin PBXGroup section */
		41A06E2D18509A2900D56342 = {
			isa = PBXGroup;
			children = (
				41A06E3F18509A2900D56342 /* BeaconRegion */,
				41A06E5E18509A2900D56342 /* BeaconRegionTests */,
				41A06E3818509A2900D56342 /* Frameworks */,
				41A06E3718509A2900D56342 /* Products */,
			);
			sourceTree = "<group>";
		};
		41A06E3718509A2900D56342 /* Products */ = {
			isa = PBXGroup;
			children = (
				41A06E3618509A2900D56342 /* BeaconRegion.app */,
				41A06E5718509A2900D56342 /* BeaconRegionTests.xctest */,
			);
			name = Products;
			sourceTree = "<group>";
		};
		41A06E3818509A2900D56342 /* Frameworks */ = {
			isa = PBXGroup;
			children = (
				41A06E3918509A2900D56342 /* Foundation.framework */,
				41A06E3B18509A2900D56342 /* CoreGraphics.framework */,
				41A06E3D18509A2900D56342 /* UIKit.framework */,
				41A06E5818509A2900D56342 /* XCTest.framework */,
			);
			name = Frameworks;
			sourceTree = "<group>";
		};
		41A06E3F18509A2900D56342 /* BeaconRegion */ = {
			isa = PBXGroup;
			children = (
				41A06E4818509A2900D56342 /* PWCAppDelegate.h */,
				41A06E4918509A2900D56342 /* PWCAppDelegate.m */,
				41A06E4B18509A2900D56342 /* Main.storyboard */,
				41A06E4E18509A2900D56342 /* PWCViewController.h */,
				41A06E4F18509A2900D56342 /* PWCViewController.m */,
				41A06E5118509A2900D56342 /* Images.xcassets */,
				41A06E4018509A2900D56342 /* Supporting Files */,
			);
			path = BeaconRegion;
			sourceTree = "<group>";
		};
		41A06E4018509A2900D56342 /* Supporting Files */ = {
			isa = PBXGroup;
			children = (
				41A06E4118509A2900D56342 /* BeaconRegion-Info.plist */,
				41A06E4218509A2900D56342 /* InfoPlist.strings */,
				41A06E4518509A2900D56342 /* main.m */,
				41A06E4718509A2900D56342 /* BeaconRegion-Prefix.pch */,
			);
			name = "Supporting Files";
			sourceTree = "<group>";
		};
		41A06E5E18509A2900D56342 /* BeaconRegionTests */ = {
			isa = PBXGroup;
			children = (
				41A06E6418509A2900D56342 /* BeaconRegionTests.m */,
				41A06E5F18509A2900D56342 /* Supporting Files */,
			);
			path = BeaconRegionTests;
			sourceTree = "<group>";
		};
		41A06E5F18509A2900D56342 /* Supporting Files */ = {
			isa = PBXGroup;
			children = (
				41A06E6018509A2900D56342 /* BeaconRegionTests-Info.plist */,
				41A06E6118509A2900D56342 /* InfoPlist.strings */,
			);
			name = "Supporting Files";
			sourceTree = "<group>";
		};
/* End PBXGroup section */

/* Begin PBXNativeTarget section */
		41A06E3518509A2900D56342 /* BeaconRegion */ = {
			isa = PBXNativeTarget;
			buildConfigurationList = 41A06E6818509A2900D56342 /* Build configuration list for PBXNativeTarget "BeaconRegion" */;
			buildPhases = (
				41A06E3218509A2900D56342 /* Sources */,
				41A06E3318509A2900D56342 /* Frameworks */,
				41A06E3418509A2900D56342 /* Resources */,
			);
			buildRules = (
			);
			dependencies = (
			);
			name = BeaconRegion;
			productName = BeaconRegion;
			productReference = 41A06E3618509A2900D56342 /* BeaconRegion.app */;
			productType = "com.apple.product-type.application";
		};
		41A06E5618509A2900D56342 /* BeaconRegionTests */ = {
			isa = PBXNativeTarget;
			buildConfigurationList = 41A06E6B18509A2900D56342 /* Build configuration list for PBXNativeTarget "BeaconRegionTests" */;
			buildPhases = (
				41A06E5318509A2900D56342 /* Sources */,
				41A06E5418509A2900D56342 /* Frameworks */,
				41A06E5518509A2900D56342 /* Resources */,
			);
			buildRules = (
			);
			dependencies = (
				41A06E5D18509A2900D56342 /* PBXTargetDependency */,
			);
			name = BeaconRegionTests;
			productName = BeaconRegionTests;
			productReference = 41A06E5718509A2900D56342 /* BeaconRegionTests.xctest */;
			productType = "com.apple.product-type.bundle.unit-test";
		};
/* End PBXNativeTarget section */

/* Begin PBXProject section */
		41A06E2E18509A2900D56342 /* Project object */ = {
			isa = PBXProject;
			attributes = {
				CLASSPREFIX = PWC;
				LastUpgradeCheck = 0500;
				ORGANIZATIONNAME = PwC;
				TargetAttributes = {
					41A06E5618509A2900D56342 = {
						TestTargetID = 41A06E3518509A2900D56342;
					};
				};
			};
			buildConfigurationList = 41A06E3118509A2900D56342 /* Build configuration list for PBXProject "BeaconRegion" */;
			compatibilityVersion = "Xcode 3.2";
			developmentRegion = English;
			hasScannedForEncodings = 0;
			knownRegions = (
				en,
				Base,
			);
			mainGroup = 41A06E2D18509A2900D56342;
			productRefGroup = 41A06E3718509A2900D56342 /* Products */;
			projectDirPath = "";
			projectRoot = "";
			targets = (
				41A06E3518509A2900D56342 /* BeaconRegion */,
				41A06E5618509A2900D56342 /* BeaconRegionTests */,
			);
		};
/* End PBXProject section */

/* Begin PBXResourcesBuildPhase section */
		41A06E3418509A2900D56342 /* Resources */ = {
			isa = PBXResourcesBuildPhase;
			buildActionMask = 2147483647;
			files = (
				41A06E5218509A2900D56342 /* Images.xcassets in Resources */,
				41A06E4418509A2900D56342 /* InfoPlist.strings in Resources */,
				41A06E4D18509A2900D56342 /* Main.storyboard in Resources */,
			);
			runOnlyForDeploymentPostprocessing = 0;
		};
		41A06E5518509A2900D56342 /* Resources */ = {
			isa = PBXResourcesBuildPhase;
			buildActionMask = 2147483647;
			files = (
				41A06E6318509A2900D56342 /* InfoPlist.strings in Resources */,
			);
			runOnlyForDeploymentPostprocessing = 0;
		};
/* End PBXResourcesBuildPhase section */

/* Begin PBXSourcesBuildPhase section */
		41A06E3218509A2900D56342 /* Sources */ = {
			isa = PBXSourcesBuildPhase;
			buildActionMask = 2147483647;
			files = (
				41A06E4618509A2900D56342 /* main.m in Sources */,
				41A06E5018509A2900D56342 /* PWCViewController.m in Sources */,
				41A06E4A18509A2900D56342 /* PWCAppDelegate.m in Sources */,
			);
			runOnlyForDeploymentPostprocessing = 0;
		};
		41A06E5318509A2900D56342 /* Sources */ = {
			isa = PBXSourcesBuildPhase;
			buildActionMask = 2147483647;
			files = (
				41A06E6518509A2900D56342 /* BeaconRegionTests.m in Sources */,
			);
			runOnlyForDeploymentPostprocessing = 0;
		};
/* End PBXSourcesBuildPhase section */

/* Begin PBXTargetDependency section */
		41A06E5D18509A2900D56342 /* PBXTargetDependency */ = {
			isa = PBXTargetDependency;
			target = 41A06E3518509A2900D56342 /* BeaconRegion */;
			targetProxy = 41A06E5C18509A2900D56342 /* PBXContainerItemProxy */;
		};
/* End PBXTargetDependency section */

/* Begin PBXVariantGroup section */
		41A06E4218509A2900D56342 /* InfoPlist.strings */ = {
			isa = PBXVariantGroup;
			children = (
				41A06E4318509A2900D56342 /* en */,
			);
			name = InfoPlist.strings;
			sourceTree = "<group>";
		};
		41A06E4B18509A2900D56342 /* Main.storyboard */ = {
			isa = PBXVariantGroup;
			children = (
				41A06E4C18509A2900D56342 /* Base */,
			);
			name = Main.storyboard;
			sourceTree = "<group>";
		};
		41A06E6118509A2900D56342 /* InfoPlist.strings */ = {
			isa = PBXVariantGroup;
			children = (
				41A06E6218509A2900D56342 /* en */,
			);
			name = InfoPlist.strings;
			sourceTree = "<group>";
		};
/* End PBXVariantGroup section */

/* Begin XCBuildConfiguration section */
		41A06E6618509A2900D56342 /* Debug */ = {
			isa = XCBuildConfiguration;
			buildSettings = {
				ALWAYS_SEARCH_USER_PATHS = NO;
				ARCHS = "$(ARCHS_STANDARD_INCLUDING_64_BIT)";
				CLANG_CXX_LANGUAGE_STANDARD = "gnu++0x";
				CLANG_CXX_LIBRARY = "libc++";
				CLANG_ENABLE_MODULES = YES;
				CLANG_ENABLE_OBJC_ARC = YES;
				CLANG_WARN_BOOL_CONVERSION = YES;
				CLANG_WARN_CONSTANT_CONVERSION = YES;
				CLANG_WARN_DIRECT_OBJC_ISA_USAGE = YES_ERROR;
				CLANG_WARN_EMPTY_BODY = YES;
				CLANG_WARN_ENUM_CONVERSION = YES;
				CLANG_WARN_INT_CONVERSION = YES;
				CLANG_WARN_OBJC_ROOT_CLASS = YES_ERROR;
				CLANG_WARN__DUPLICATE_METHOD_MATCH = YES;
				"CODE_SIGN_IDENTITY[sdk=iphoneos*]" = "iPhone Developer";
				COPY_PHASE_STRIP = NO;
				GCC_C_LANGUAGE_STANDARD = gnu99;
				GCC_DYNAMIC_NO_PIC = NO;
				GCC_OPTIMIZATION_LEVEL = 0;
				GCC_PREPROCESSOR_DEFINITIONS = (
					"DEBUG=1",
					"$(inherited)",
				);
				GCC_SYMBOLS_PRIVATE_EXTERN = NO;
				GCC_WARN_64_TO_32_BIT_CONVERSION = YES;
				GCC_WARN_ABOUT_RETURN_TYPE = YES_ERROR;
				GCC_WARN_UNDECLARED_SELECTOR = YES;
				GCC_WARN_UNINITIALIZED_AUTOS = YES;
				GCC_WARN_UNUSED_FUNCTION = YES;
				GCC_WARN_UNUSED_VARIABLE = YES;
				IPHONEOS_DEPLOYMENT_TARGET = 7.0;
				ONLY_ACTIVE_ARCH = YES;
				SDKROOT = iphoneos;
			};
			name = Debug;
		};
		41A06E6718509A2900D56342 /* Release */ = {
			isa = XCBuildConfiguration;
			buildSettings = {
				ALWAYS_SEARCH_USER_PATHS = NO;
				ARCHS = "$(ARCHS_STANDARD_INCLUDING_64_BIT)";
				CLANG_CXX_LANGUAGE_STANDARD = "gnu++0x";
				CLANG_CXX_LIBRARY = "libc++";
				CLANG_ENABLE_MODULES = YES;
				CLANG_ENABLE_OBJC_ARC = YES;
				CLANG_WARN_BOOL_CONVERSION = YES;
				CLANG_WARN_CONSTANT_CONVERSION = YES;
				CLANG_WARN_DIRECT_OBJC_ISA_USAGE = YES_ERROR;
				CLANG_WARN_EMPTY_BODY = YES;
				CLANG_WARN_ENUM_CONVERSION = YES;
				CLANG_WARN_INT_CONVERSION = YES;
				CLANG_WARN_OBJC_ROOT_CLASS = YES_ERROR;
				CLANG_WARN__DUPLICATE_METHOD_MATCH = YES;
				"CODE_SIGN_IDENTITY[sdk=iphoneos*]" = "iPhone Developer";
				COPY_PHASE_STRIP = YES;
				ENABLE_NS_ASSERTIONS = NO;
				GCC_C_LANGUAGE_STANDARD = gnu99;
				GCC_WARN_64_TO_32_BIT_CONVERSION = YES;
				GCC_WARN_ABOUT_RETURN_TYPE = YES_ERROR;
				GCC_WARN_UNDECLARED_SELECTOR = YES;
				GCC_WARN_UNINITIALIZED_AUTOS = YES;
				GCC_WARN_UNUSED_FUNCTION = YES;
				GCC_WARN_UNUSED_VARIABLE = YES;
				IPHONEOS_DEPLOYMENT_TARGET = 7.0;
				SDKROOT = iphoneos;
				VALIDATE_PRODUCT = YES;
			};
			name = Release;
		};
		41A06E6918509A2900D56342 /* Debug */ = {
			isa = XCBuildConfiguration;
			buildSettings = {
				ASSETCATALOG_COMPILER_APPICON_NAME = AppIcon;
				ASSETCATALOG_COMPILER_LAUNCHIMAGE_NAME = LaunchImage;
				GCC_PRECOMPILE_PREFIX_HEADER = YES;
				GCC_PREFIX_HEADER = "BeaconRegion/BeaconRegion-Prefix.pch";
				INFOPLIST_FILE = "BeaconRegion/BeaconRegion-Info.plist";
				PRODUCT_NAME = "$(TARGET_NAME)";
				WRAPPER_EXTENSION = app;
			};
			name = Debug;
		};
		41A06E6A18509A2900D56342 /* Release */ = {
			isa = XCBuildConfiguration;
			buildSettings = {
				ASSETCATALOG_COMPILER_APPICON_NAME = AppIcon;
				ASSETCATALOG_COMPILER_LAUNCHIMAGE_NAME = LaunchImage;
				GCC_PRECOMPILE_PREFIX_HEADER = YES;
				GCC_PREFIX_HEADER = "BeaconRegion/BeaconRegion-Prefix.pch";
				INFOPLIST_FILE = "BeaconRegion/BeaconRegion-Info.plist";
				PRODUCT_NAME = "$(TARGET_NAME)";
				WRAPPER_EXTENSION = app;
			};
			name = Release;
		};
		41A06E6C18509A2900D56342 /* Debug */ = {
			isa = XCBuildConfiguration;
			buildSettings = {
				ARCHS = "$(ARCHS_STANDARD_INCLUDING_64_BIT)";
				BUNDLE_LOADER = "$(BUILT_PRODUCTS_DIR)/BeaconRegion.app/BeaconRegion";
				FRAMEWORK_SEARCH_PATHS = (
					"$(SDKROOT)/Developer/Library/Frameworks",
					"$(inherited)",
					"$(DEVELOPER_FRAMEWORKS_DIR)",
				);
				GCC_PRECOMPILE_PREFIX_HEADER = YES;
				GCC_PREFIX_HEADER = "BeaconRegion/BeaconRegion-Prefix.pch";
				GCC_PREPROCESSOR_DEFINITIONS = (
					"DEBUG=1",
					"$(inherited)",
				);
				INFOPLIST_FILE = "BeaconRegionTests/BeaconRegionTests-Info.plist";
				PRODUCT_NAME = "$(TARGET_NAME)";
				TEST_HOST = "$(BUNDLE_LOADER)";
				WRAPPER_EXTENSION = xctest;
			};
			name = Debug;
		};
		41A06E6D18509A2900D56342 /* Release */ = {
			isa = XCBuildConfiguration;
			buildSettings = {
				ARCHS = "$(ARCHS_STANDARD_INCLUDING_64_BIT)";
				BUNDLE_LOADER = "$(BUILT_PRODUCTS_DIR)/BeaconRegion.app/BeaconRegion";
				FRAMEWORK_SEARCH_PATHS = (
					"$(SDKROOT)/Developer/Library/Frameworks",
					"$(inherited)",
					"$(DEVELOPER_FRAMEWORKS_DIR)",
				);
				GCC_PRECOMPILE_PREFIX_HEADER = YES;
				GCC_PREFIX_HEADER = "BeaconRegion/BeaconRegion-Prefix.pch";
				INFOPLIST_FILE = "BeaconRegionTests/BeaconRegionTests-Info.plist";
				PRODUCT_NAME = "$(TARGET_NAME)";
				TEST_HOST = "$(BUNDLE_LOADER)";
				WRAPPER_EXTENSION = xctest;
			};
			name = Release;
		};
/* End XCBuildConfiguration section */

/* Begin XCConfigurationList section */
		41A06E3118509A2900D56342 /* Build configuration list for PBXProject "BeaconRegion" */ = {
			isa = XCConfigurationList;
			buildConfigurations = (
				41A06E6618509A2900D56342 /* Debug */,
				41A06E6718509A2900D56342 /* Release */,
			);
			defaultConfigurationIsVisible = 0;
			defaultConfigurationName = Release;
		};
		41A06E6818509A2900D56342 /* Build configuration list for PBXNativeTarget "BeaconRegion" */ = {
			isa = XCConfigurationList;
			buildConfigurations = (
				41A06E6918509A2900D56342 /* Debug */,
				41A06E6A18509A2900D56342 /* Release */,
			);
			defaultConfigurationIsVisible = 0;
		};
		41A06E6B18509A2900D56342 /* Build configuration list for PBXNativeTarget "BeaconRegionTests" */ = {
			isa = XCConfigurationList;
			buildConfigurations = (
				41A06E6C18509A2900D56342 /* Debug */,
				41A06E6D18509A2900D56342 /* Release */,
			);
			defaultConfigurationIsVisible = 0;
		};
/* End XCConfigurationList section */
	};
	rootObject = 41A06E2E18509A2900D56342 /* Project object */;
}
